
Microsoft Visual Studio Solution File, Format Version 12.00
# Visual Studio Version 17
VisualStudioVersion = 17.3.32804.467
MinimumVisualStudioVersion = 10.0.40219.1
Project("{2150E333-8FDC-42A3-9474-1A3956D46DE8}") = "src", "src", "{A7782CFF-B261-4F4E-AC74-EE863D36DF60}"
EndProject
Project("{9A19103F-16F7-4668-BE54-9A1E7A4F7556}") = "iDelivery.Api", "src\iDelivery.Api\iDelivery.Api.csproj", "{BD79359D-BC0C-4B17-AC36-3C2D17075FB4}"
EndProject
Project("{9A19103F-16F7-4668-BE54-9A1E7A4F7556}") = "iDelivery.Application", "src\iDelivery.Application\iDelivery.Application.csproj", "{F82ED6E9-9C28-431E-A8F1-F8BD35F297A9}"
EndProject
Project("{9A19103F-16F7-4668-BE54-9A1E7A4F7556}") = "iDelivery.Contracts", "src\iDelivery.Contracts\iDelivery.Contracts.csproj", "{9451CA57-5B84-4C62-831A-EE08A726F04F}"
EndProject
Project("{9A19103F-16F7-4668-BE54-9A1E7A4F7556}") = "iDelivery.Domain", "src\iDelivery.Domain\iDelivery.Domain.csproj", "{5707F312-8726-488D-B54C-2694D17A4D0A}"
EndProject
Project("{9A19103F-16F7-4668-BE54-9A1E7A4F7556}") = "iDelivery.Infrastructure", "src\iDelivery.Infrastructure\iDelivery.Infrastructure.csproj", "{7DB8DFB5-5D69-4548-8505-1594D1B469B9}"
EndProject
Project("{2150E333-8FDC-42A3-9474-1A3956D46DE8}") = "tests", "tests", "{FEA32C3E-634C-46F0-8496-EF50A8FE84EC}"
EndProject
Project("{9A19103F-16F7-4668-BE54-9A1E7A4F7556}") = "DomainTests", "tests\DomainTests\DomainTests.csproj", "{1CE56698-7740-4E8B-9170-287723540EC0}"
EndProject
Project("{FAE04EC0-301F-11D3-BF4B-00C04F79EFBC}") = "InfrastructureTests", "tests\InfrastructureTests\InfrastructureTests.csproj", "{86A791A8-708D-4709-A524-67E6366AA2BB}"
EndProject
Global
	GlobalSection(SolutionConfigurationPlatforms) = preSolution
		Debug|Any CPU = Debug|Any CPU
		Release|Any CPU = Release|Any CPU
	EndGlobalSection
	GlobalSection(ProjectConfigurationPlatforms) = postSolution
		{BD79359D-BC0C-4B17-AC36-3C2D17075FB4}.Debug|Any CPU.ActiveCfg = Debug|Any CPU
		{BD79359D-BC0C-4B17-AC36-3C2D17075FB4}.Debug|Any CPU.Build.0 = Debug|Any CPU
		{BD79359D-BC0C-4B17-AC36-3C2D17075FB4}.Release|Any CPU.ActiveCfg = Release|Any CPU
		{BD79359D-BC0C-4B17-AC36-3C2D17075FB4}.Release|Any CPU.Build.0 = Release|Any CPU
		{F82ED6E9-9C28-431E-A8F1-F8BD35F297A9}.Debug|Any CPU.ActiveCfg = Debug|Any CPU
		{F82ED6E9-9C28-431E-A8F1-F8BD35F297A9}.Debug|Any CPU.Build.0 = Debug|Any CPU
		{F82ED6E9-9C28-431E-A8F1-F8BD35F297A9}.Release|Any CPU.ActiveCfg = Release|Any CPU
		{F82ED6E9-9C28-431E-A8F1-F8BD35F297A9}.Release|Any CPU.Build.0 = Release|Any CPU
		{9451CA57-5B84-4C62-831A-EE08A726F04F}.Debug|Any CPU.ActiveCfg = Debug|Any CPU
		{9451CA57-5B84-4C62-831A-EE08A726F04F}.Debug|Any CPU.Build.0 = Debug|Any CPU
		{9451CA57-5B84-4C62-831A-EE08A726F04F}.Release|Any CPU.ActiveCfg = Release|Any CPU
		{9451CA57-5B84-4C62-831A-EE08A726F04F}.Release|Any CPU.Build.0 = Release|Any CPU
		{5707F312-8726-488D-B54C-2694D17A4D0A}.Debug|Any CPU.ActiveCfg = Debug|Any CPU
		{5707F312-8726-488D-B54C-2694D17A4D0A}.Debug|Any CPU.Build.0 = Debug|Any CPU
		{5707F312-8726-488D-B54C-2694D17A4D0A}.Release|Any CPU.ActiveCfg = Release|Any CPU
		{5707F312-8726-488D-B54C-2694D17A4D0A}.Release|Any CPU.Build.0 = Release|Any CPU
		{7DB8DFB5-5D69-4548-8505-1594D1B469B9}.Debug|Any CPU.ActiveCfg = Debug|Any CPU
		{7DB8DFB5-5D69-4548-8505-1594D1B469B9}.Debug|Any CPU.Build.0 = Debug|Any CPU
		{7DB8DFB5-5D69-4548-8505-1594D1B469B9}.Release|Any CPU.ActiveCfg = Release|Any CPU
		{7DB8DFB5-5D69-4548-8505-1594D1B469B9}.Release|Any CPU.Build.0 = Release|Any CPU
		{1CE56698-7740-4E8B-9170-287723540EC0}.Debug|Any CPU.ActiveCfg = Debug|Any CPU
		{1CE56698-7740-4E8B-9170-287723540EC0}.Debug|Any CPU.Build.0 = Debug|Any CPU
		{1CE56698-7740-4E8B-9170-287723540EC0}.Release|Any CPU.ActiveCfg = Release|Any CPU
		{1CE56698-7740-4E8B-9170-287723540EC0}.Release|Any CPU.Build.0 = Release|Any CPU
		{86A791A8-708D-4709-A524-67E6366AA2BB}.Debug|Any CPU.ActiveCfg = Debug|Any CPU
		{86A791A8-708D-4709-A524-67E6366AA2BB}.Debug|Any CPU.Build.0 = Debug|Any CPU
		{86A791A8-708D-4709-A524-67E6366AA2BB}.Release|Any CPU.ActiveCfg = Release|Any CPU
		{86A791A8-708D-4709-A524-67E6366AA2BB}.Release|Any CPU.Build.0 = Release|Any CPU
	EndGlobalSection
	GlobalSection(SolutionProperties) = preSolution
		HideSolutionNode = FALSE
	EndGlobalSection
	GlobalSection(NestedProjects) = preSolution
		{BD79359D-BC0C-4B17-AC36-3C2D17075FB4} = {A7782CFF-B261-4F4E-AC74-EE863D36DF60}
		{F82ED6E9-9C28-431E-A8F1-F8BD35F297A9} = {A7782CFF-B261-4F4E-AC74-EE863D36DF60}
		{9451CA57-5B84-4C62-831A-EE08A726F04F} = {A7782CFF-B261-4F4E-AC74-EE863D36DF60}
		{5707F312-8726-488D-B54C-2694D17A4D0A} = {A7782CFF-B261-4F4E-AC74-EE863D36DF60}
		{7DB8DFB5-5D69-4548-8505-1594D1B469B9} = {A7782CFF-B261-4F4E-AC74-EE863D36DF60}
		{1CE56698-7740-4E8B-9170-287723540EC0} = {FEA32C3E-634C-46F0-8496-EF50A8FE84EC}
		{86A791A8-708D-4709-A524-67E6366AA2BB} = {FEA32C3E-634C-46F0-8496-EF50A8FE84EC}
	EndGlobalSection
	GlobalSection(ExtensibilityGlobals) = postSolution
		SolutionGuid = {473C6C98-0B8C-419B-A193-1309D4D22360}
	EndGlobalSection
EndGlobal
